
Microsoft Visual Studio Solution File, Format Version 12.00
# Visual Studio Version 16
VisualStudioVersion = 16.0.29009.5
MinimumVisualStudioVersion = 10.0.40219.1
Project("{FAE04EC0-301F-11D3-BF4B-00C04F79EFBC}") = "BirthdayChocolate", "BirthdayChocolate.csproj", "{8D495B30-B308-4D00-AE8C-390910F3E443}"
EndProject
Global
	GlobalSection(SolutionConfigurationPlatforms) = preSolution
		Debug|Any CPU = Debug|Any CPU
		Release|Any CPU = Release|Any CPU
	EndGlobalSection
	GlobalSection(ProjectConfigurationPlatforms) = postSolution
		{8D495B30-B308-4D00-AE8C-390910F3E443}.Debug|Any CPU.ActiveCfg = Debug|Any CPU
		{8D495B30-B308-4D00-AE8C-390910F3E443}.Debug|Any CPU.Build.0 = Debug|Any CPU
		{8D495B30-B308-4D00-AE8C-390910F3E443}.Release|Any CPU.ActiveCfg = Release|Any CPU
		{8D495B30-B308-4D00-AE8C-390910F3E443}.Release|Any CPU.Build.0 = Release|Any CPU
	EndGlobalSection
	GlobalSection(SolutionProperties) = preSolution
		HideSolutionNode = FALSE
	EndGlobalSection
	GlobalSection(ExtensibilityGlobals) = postSolution
		SolutionGuid = {E0169921-96C4-4C0D-94E0-942B0AE4AA28}
	EndGlobalSection
EndGlobal
