
Microsoft Visual Studio Solution File, Format Version 12.00
# Visual Studio Version 16
VisualStudioVersion = 16.0.29009.5
MinimumVisualStudioVersion = 10.0.40219.1
Project("{FAE04EC0-301F-11D3-BF4B-00C04F79EFBC}") = "Recursive_func", "Recursive_func.csproj", "{55F04805-43DF-43B3-88FC-7EE955C717E2}"
EndProject
Global
	GlobalSection(SolutionConfigurationPlatforms) = preSolution
		Debug|Any CPU = Debug|Any CPU
		Release|Any CPU = Release|Any CPU
	EndGlobalSection
	GlobalSection(ProjectConfigurationPlatforms) = postSolution
		{55F04805-43DF-43B3-88FC-7EE955C717E2}.Debug|Any CPU.ActiveCfg = Debug|Any CPU
		{55F04805-43DF-43B3-88FC-7EE955C717E2}.Debug|Any CPU.Build.0 = Debug|Any CPU
		{55F04805-43DF-43B3-88FC-7EE955C717E2}.Release|Any CPU.ActiveCfg = Release|Any CPU
		{55F04805-43DF-43B3-88FC-7EE955C717E2}.Release|Any CPU.Build.0 = Release|Any CPU
	EndGlobalSection
	GlobalSection(SolutionProperties) = preSolution
		HideSolutionNode = FALSE
	EndGlobalSection
	GlobalSection(ExtensibilityGlobals) = postSolution
		SolutionGuid = {E8046382-A507-4AF0-9EAB-46DE88430B42}
	EndGlobalSection
EndGlobal
