
Microsoft Visual Studio Solution File, Format Version 12.00
# Visual Studio Version 16
VisualStudioVersion = 16.0.29009.5
MinimumVisualStudioVersion = 10.0.40219.1
Project("{FAE04EC0-301F-11D3-BF4B-00C04F79EFBC}") = "DivisibleSumPairs", "DivisibleSumPairs.csproj", "{206D51D3-BD3E-4FDC-967A-F9D315746B30}"
EndProject
Global
	GlobalSection(SolutionConfigurationPlatforms) = preSolution
		Debug|Any CPU = Debug|Any CPU
		Release|Any CPU = Release|Any CPU
	EndGlobalSection
	GlobalSection(ProjectConfigurationPlatforms) = postSolution
		{206D51D3-BD3E-4FDC-967A-F9D315746B30}.Debug|Any CPU.ActiveCfg = Debug|Any CPU
		{206D51D3-BD3E-4FDC-967A-F9D315746B30}.Debug|Any CPU.Build.0 = Debug|Any CPU
		{206D51D3-BD3E-4FDC-967A-F9D315746B30}.Release|Any CPU.ActiveCfg = Release|Any CPU
		{206D51D3-BD3E-4FDC-967A-F9D315746B30}.Release|Any CPU.Build.0 = Release|Any CPU
	EndGlobalSection
	GlobalSection(SolutionProperties) = preSolution
		HideSolutionNode = FALSE
	EndGlobalSection
	GlobalSection(ExtensibilityGlobals) = postSolution
		SolutionGuid = {2068AC02-9BF2-4989-85DF-48D30F2EDBB5}
	EndGlobalSection
EndGlobal
