
Microsoft Visual Studio Solution File, Format Version 12.00
# Visual Studio Version 16
VisualStudioVersion = 16.0.29009.5
MinimumVisualStudioVersion = 10.0.40219.1
Project("{FAE04EC0-301F-11D3-BF4B-00C04F79EFBC}") = "Types of signs and links", "Types of signs and links.csproj", "{85D1AA9C-D902-4B1F-931C-934C0C7FD201}"
EndProject
Global
	GlobalSection(SolutionConfigurationPlatforms) = preSolution
		Debug|Any CPU = Debug|Any CPU
		Release|Any CPU = Release|Any CPU
	EndGlobalSection
	GlobalSection(ProjectConfigurationPlatforms) = postSolution
		{85D1AA9C-D902-4B1F-931C-934C0C7FD201}.Debug|Any CPU.ActiveCfg = Debug|Any CPU
		{85D1AA9C-D902-4B1F-931C-934C0C7FD201}.Debug|Any CPU.Build.0 = Debug|Any CPU
		{85D1AA9C-D902-4B1F-931C-934C0C7FD201}.Release|Any CPU.ActiveCfg = Release|Any CPU
		{85D1AA9C-D902-4B1F-931C-934C0C7FD201}.Release|Any CPU.Build.0 = Release|Any CPU
	EndGlobalSection
	GlobalSection(SolutionProperties) = preSolution
		HideSolutionNode = FALSE
	EndGlobalSection
	GlobalSection(ExtensibilityGlobals) = postSolution
		SolutionGuid = {B7BF1A5D-8199-45F6-AEBF-72FB9F0CCAB4}
	EndGlobalSection
EndGlobal
