
Microsoft Visual Studio Solution File, Format Version 12.00
# Visual Studio Version 16
VisualStudioVersion = 16.0.29009.5
MinimumVisualStudioVersion = 10.0.40219.1
Project("{FAE04EC0-301F-11D3-BF4B-00C04F79EFBC}") = "Palindrome", "Palindrome.csproj", "{F86B574E-0FE5-410C-B948-07587B2EBDCB}"
EndProject
Global
	GlobalSection(SolutionConfigurationPlatforms) = preSolution
		Debug|Any CPU = Debug|Any CPU
		Release|Any CPU = Release|Any CPU
	EndGlobalSection
	GlobalSection(ProjectConfigurationPlatforms) = postSolution
		{F86B574E-0FE5-410C-B948-07587B2EBDCB}.Debug|Any CPU.ActiveCfg = Debug|Any CPU
		{F86B574E-0FE5-410C-B948-07587B2EBDCB}.Debug|Any CPU.Build.0 = Debug|Any CPU
		{F86B574E-0FE5-410C-B948-07587B2EBDCB}.Release|Any CPU.ActiveCfg = Release|Any CPU
		{F86B574E-0FE5-410C-B948-07587B2EBDCB}.Release|Any CPU.Build.0 = Release|Any CPU
	EndGlobalSection
	GlobalSection(SolutionProperties) = preSolution
		HideSolutionNode = FALSE
	EndGlobalSection
	GlobalSection(ExtensibilityGlobals) = postSolution
		SolutionGuid = {78F8E14A-AEDF-4CAF-AB3F-61AE0C631348}
	EndGlobalSection
EndGlobal
