
Microsoft Visual Studio Solution File, Format Version 12.00
# Visual Studio Version 16
VisualStudioVersion = 16.0.29009.5
MinimumVisualStudioVersion = 10.0.40219.1
Project("{FAE04EC0-301F-11D3-BF4B-00C04F79EFBC}") = "Conditional_Operators", "Conditional_Operators.csproj", "{3C8CE814-7804-4F6A-95A7-244A83BCEA82}"
EndProject
Global
	GlobalSection(SolutionConfigurationPlatforms) = preSolution
		Debug|Any CPU = Debug|Any CPU
		Release|Any CPU = Release|Any CPU
	EndGlobalSection
	GlobalSection(ProjectConfigurationPlatforms) = postSolution
		{3C8CE814-7804-4F6A-95A7-244A83BCEA82}.Debug|Any CPU.ActiveCfg = Debug|Any CPU
		{3C8CE814-7804-4F6A-95A7-244A83BCEA82}.Debug|Any CPU.Build.0 = Debug|Any CPU
		{3C8CE814-7804-4F6A-95A7-244A83BCEA82}.Release|Any CPU.ActiveCfg = Release|Any CPU
		{3C8CE814-7804-4F6A-95A7-244A83BCEA82}.Release|Any CPU.Build.0 = Release|Any CPU
	EndGlobalSection
	GlobalSection(SolutionProperties) = preSolution
		HideSolutionNode = FALSE
	EndGlobalSection
	GlobalSection(ExtensibilityGlobals) = postSolution
		SolutionGuid = {23452503-A172-4C66-AB34-DD0AE5D7DAD7}
	EndGlobalSection
EndGlobal
