
Microsoft Visual Studio Solution File, Format Version 12.00
# Visual Studio Version 16
VisualStudioVersion = 16.0.29009.5
MinimumVisualStudioVersion = 10.0.40219.1
Project("{FAE04EC0-301F-11D3-BF4B-00C04F79EFBC}") = "Conditional_Constructions", "Conditional_Constructions.csproj", "{BA488711-9F91-4B96-AC34-8F99C7DC3355}"
EndProject
Global
	GlobalSection(SolutionConfigurationPlatforms) = preSolution
		Debug|Any CPU = Debug|Any CPU
		Release|Any CPU = Release|Any CPU
	EndGlobalSection
	GlobalSection(ProjectConfigurationPlatforms) = postSolution
		{BA488711-9F91-4B96-AC34-8F99C7DC3355}.Debug|Any CPU.ActiveCfg = Debug|Any CPU
		{BA488711-9F91-4B96-AC34-8F99C7DC3355}.Debug|Any CPU.Build.0 = Debug|Any CPU
		{BA488711-9F91-4B96-AC34-8F99C7DC3355}.Release|Any CPU.ActiveCfg = Release|Any CPU
		{BA488711-9F91-4B96-AC34-8F99C7DC3355}.Release|Any CPU.Build.0 = Release|Any CPU
	EndGlobalSection
	GlobalSection(SolutionProperties) = preSolution
		HideSolutionNode = FALSE
	EndGlobalSection
	GlobalSection(ExtensibilityGlobals) = postSolution
		SolutionGuid = {EB468F83-0E14-498B-B474-9DF9177E170C}
	EndGlobalSection
EndGlobal
