
Microsoft Visual Studio Solution File, Format Version 12.00
# Visual Studio Version 16
VisualStudioVersion = 16.0.29009.5
MinimumVisualStudioVersion = 10.0.40219.1
Project("{FAE04EC0-301F-11D3-BF4B-00C04F79EFBC}") = "Tuples", "Tuples.csproj", "{AC8C141E-324F-4B96-B997-94CCF10B50E9}"
EndProject
Global
	GlobalSection(SolutionConfigurationPlatforms) = preSolution
		Debug|Any CPU = Debug|Any CPU
		Release|Any CPU = Release|Any CPU
	EndGlobalSection
	GlobalSection(ProjectConfigurationPlatforms) = postSolution
		{AC8C141E-324F-4B96-B997-94CCF10B50E9}.Debug|Any CPU.ActiveCfg = Debug|Any CPU
		{AC8C141E-324F-4B96-B997-94CCF10B50E9}.Debug|Any CPU.Build.0 = Debug|Any CPU
		{AC8C141E-324F-4B96-B997-94CCF10B50E9}.Release|Any CPU.ActiveCfg = Release|Any CPU
		{AC8C141E-324F-4B96-B997-94CCF10B50E9}.Release|Any CPU.Build.0 = Release|Any CPU
	EndGlobalSection
	GlobalSection(SolutionProperties) = preSolution
		HideSolutionNode = FALSE
	EndGlobalSection
	GlobalSection(ExtensibilityGlobals) = postSolution
		SolutionGuid = {9DD3A72D-A59B-43E0-8F49-999128C34E2A}
	EndGlobalSection
EndGlobal
