
Microsoft Visual Studio Solution File, Format Version 12.00
# Visual Studio 15
VisualStudioVersion = 15.0.27428.2043
MinimumVisualStudioVersion = 10.0.40219.1
Project("{FAE04EC0-301F-11D3-BF4B-00C04F79EFBC}") = "ENglishforkids", "ENglishforkids\ENglishforkids.csproj", "{69A97D27-52A5-4514-A108-5EE3BBA8DB4D}"
EndProject
Global
	GlobalSection(SolutionConfigurationPlatforms) = preSolution
		Debug|Any CPU = Debug|Any CPU
		Release|Any CPU = Release|Any CPU
	EndGlobalSection
	GlobalSection(ProjectConfigurationPlatforms) = postSolution
		{69A97D27-52A5-4514-A108-5EE3BBA8DB4D}.Debug|Any CPU.ActiveCfg = Debug|Any CPU
		{69A97D27-52A5-4514-A108-5EE3BBA8DB4D}.Debug|Any CPU.Build.0 = Debug|Any CPU
		{69A97D27-52A5-4514-A108-5EE3BBA8DB4D}.Release|Any CPU.ActiveCfg = Debug|Any CPU
		{69A97D27-52A5-4514-A108-5EE3BBA8DB4D}.Release|Any CPU.Build.0 = Debug|Any CPU
	EndGlobalSection
	GlobalSection(SolutionProperties) = preSolution
		HideSolutionNode = FALSE
	EndGlobalSection
	GlobalSection(ExtensibilityGlobals) = postSolution
		SolutionGuid = {D2D61B25-2550-4C9D-B883-6D0B68EA4980}
	EndGlobalSection
EndGlobal
