
Microsoft Visual Studio Solution File, Format Version 12.00
# Visual Studio Version 16
VisualStudioVersion = 16.0.29306.81
MinimumVisualStudioVersion = 10.0.40219.1
Project("{FAE04EC0-301F-11D3-BF4B-00C04F79EFBC}") = "WindowsFormsApp1", "WindowsFormsApp1.csproj", "{70636BA9-DB90-4A15-AF95-0584C8B4A036}"
EndProject
Global
	GlobalSection(SolutionConfigurationPlatforms) = preSolution
		Debug|Any CPU = Debug|Any CPU
		Release|Any CPU = Release|Any CPU
	EndGlobalSection
	GlobalSection(ProjectConfigurationPlatforms) = postSolution
		{70636BA9-DB90-4A15-AF95-0584C8B4A036}.Debug|Any CPU.ActiveCfg = Debug|Any CPU
		{70636BA9-DB90-4A15-AF95-0584C8B4A036}.Debug|Any CPU.Build.0 = Debug|Any CPU
		{70636BA9-DB90-4A15-AF95-0584C8B4A036}.Release|Any CPU.ActiveCfg = Release|Any CPU
		{70636BA9-DB90-4A15-AF95-0584C8B4A036}.Release|Any CPU.Build.0 = Release|Any CPU
	EndGlobalSection
	GlobalSection(SolutionProperties) = preSolution
		HideSolutionNode = FALSE
	EndGlobalSection
	GlobalSection(ExtensibilityGlobals) = postSolution
		SolutionGuid = {A0974682-72E1-4AFB-9748-6EC3CE09AC9E}
	EndGlobalSection
EndGlobal
