
Microsoft Visual Studio Solution File, Format Version 12.00
# Visual Studio Version 16
VisualStudioVersion = 16.0.29009.5
MinimumVisualStudioVersion = 10.0.40219.1
Project("{FAE04EC0-301F-11D3-BF4B-00C04F79EFBC}") = "MigratoryBirds", "MigratoryBirds.csproj", "{531A82E8-1CA7-42F7-80F7-2B34CB10A0F6}"
EndProject
Global
	GlobalSection(SolutionConfigurationPlatforms) = preSolution
		Debug|Any CPU = Debug|Any CPU
		Release|Any CPU = Release|Any CPU
	EndGlobalSection
	GlobalSection(ProjectConfigurationPlatforms) = postSolution
		{531A82E8-1CA7-42F7-80F7-2B34CB10A0F6}.Debug|Any CPU.ActiveCfg = Debug|Any CPU
		{531A82E8-1CA7-42F7-80F7-2B34CB10A0F6}.Debug|Any CPU.Build.0 = Debug|Any CPU
		{531A82E8-1CA7-42F7-80F7-2B34CB10A0F6}.Release|Any CPU.ActiveCfg = Release|Any CPU
		{531A82E8-1CA7-42F7-80F7-2B34CB10A0F6}.Release|Any CPU.Build.0 = Release|Any CPU
	EndGlobalSection
	GlobalSection(SolutionProperties) = preSolution
		HideSolutionNode = FALSE
	EndGlobalSection
	GlobalSection(ExtensibilityGlobals) = postSolution
		SolutionGuid = {6E7DAE10-640E-4BB9-9C45-A6A393D1BEA4}
	EndGlobalSection
EndGlobal
