
Microsoft Visual Studio Solution File, Format Version 12.00
# Visual Studio Version 16
VisualStudioVersion = 16.0.29009.5
MinimumVisualStudioVersion = 10.0.40219.1
Project("{FAE04EC0-301F-11D3-BF4B-00C04F79EFBC}") = "Arrays", "Arrays.csproj", "{0958CBB8-0CF0-4CD7-BFC1-A01AD5A216BE}"
EndProject
Global
	GlobalSection(SolutionConfigurationPlatforms) = preSolution
		Debug|Any CPU = Debug|Any CPU
		Release|Any CPU = Release|Any CPU
	EndGlobalSection
	GlobalSection(ProjectConfigurationPlatforms) = postSolution
		{0958CBB8-0CF0-4CD7-BFC1-A01AD5A216BE}.Debug|Any CPU.ActiveCfg = Debug|Any CPU
		{0958CBB8-0CF0-4CD7-BFC1-A01AD5A216BE}.Debug|Any CPU.Build.0 = Debug|Any CPU
		{0958CBB8-0CF0-4CD7-BFC1-A01AD5A216BE}.Release|Any CPU.ActiveCfg = Release|Any CPU
		{0958CBB8-0CF0-4CD7-BFC1-A01AD5A216BE}.Release|Any CPU.Build.0 = Release|Any CPU
	EndGlobalSection
	GlobalSection(SolutionProperties) = preSolution
		HideSolutionNode = FALSE
	EndGlobalSection
	GlobalSection(ExtensibilityGlobals) = postSolution
		SolutionGuid = {5DA911E0-1EE0-4819-B39E-3EAA5E0F477B}
	EndGlobalSection
EndGlobal
